lockfileVersion: '9.0'

settings:
  autoInstallPeers: true
  excludeLinksFromLockfile: false

importers:

  .:
    dependencies:
      phaser:
        specifier: v3.85.2
        version: 3.85.2
    devDependencies:
      '@biomejs/biome':
        specifier: ^1.8.3
        version: 1.9.3
      '@rsbuild/core':
        specifier: ^1.0.1
        version: 1.0.9
      typescript:
        specifier: ^5.5.2
        version: 5.6.2

packages:

  '@biomejs/biome@1.9.3':
    resolution: {integrity: sha512-POjAPz0APAmX33WOQFGQrwLvlu7WLV4CFJMlB12b6ZSg+2q6fYu9kZwLCOA+x83zXfcPd1RpuWOKJW0GbBwLIQ==}
    engines: {node: '>=14.21.3'}
    hasBin: true

  '@biomejs/cli-darwin-arm64@1.9.3':
    resolution: {integrity: sha512-QZzD2XrjJDUyIZK+aR2i5DDxCJfdwiYbUKu9GzkCUJpL78uSelAHAPy7m0GuPMVtF/Uo+OKv97W3P9nuWZangQ==}
    engines: {node: '>=14.21.3'}
    cpu: [arm64]
    os: [darwin]

  '@biomejs/cli-darwin-x64@1.9.3':
    resolution: {integrity: sha512-vSCoIBJE0BN3SWDFuAY/tRavpUtNoqiceJ5PrU3xDfsLcm/U6N93JSM0M9OAiC/X7mPPfejtr6Yc9vSgWlEgVw==}
    engines: {node: '>=14.21.3'}
    cpu: [x64]
    os: [darwin]

  '@biomejs/cli-linux-arm64-musl@1.9.3':
    resolution: {integrity: sha512-VBzyhaqqqwP3bAkkBrhVq50i3Uj9+RWuj+pYmXrMDgjS5+SKYGE56BwNw4l8hR3SmYbLSbEo15GcV043CDSk+Q==}
    engines: {node: '>=14.21.3'}
    cpu: [arm64]
    os: [linux]

  '@biomejs/cli-linux-arm64@1.9.3':
    resolution: {integrity: sha512-vJkAimD2+sVviNTbaWOGqEBy31cW0ZB52KtpVIbkuma7PlfII3tsLhFa+cwbRAcRBkobBBhqZ06hXoZAN8NODQ==}
    engines: {node: '>=14.21.3'}
    cpu: [arm64]
    os: [linux]

  '@biomejs/cli-linux-x64-musl@1.9.3':
    resolution: {integrity: sha512-TJmnOG2+NOGM72mlczEsNki9UT+XAsMFAOo8J0me/N47EJ/vkLXxf481evfHLlxMejTY6IN8SdRSiPVLv6AHlA==}
    engines: {node: '>=14.21.3'}
    cpu: [x64]
    os: [linux]

  '@biomejs/cli-linux-x64@1.9.3':
    resolution: {integrity: sha512-x220V4c+romd26Mu1ptU+EudMXVS4xmzKxPVb9mgnfYlN4Yx9vD5NZraSx/onJnd3Gh/y8iPUdU5CDZJKg9COA==}
    engines: {node: '>=14.21.3'}
    cpu: [x64]
    os: [linux]

  '@biomejs/cli-win32-arm64@1.9.3':
    resolution: {integrity: sha512-lg/yZis2HdQGsycUvHWSzo9kOvnGgvtrYRgoCEwPBwwAL8/6crOp3+f47tPwI/LI1dZrhSji7PNsGKGHbwyAhw==}
    engines: {node: '>=14.21.3'}
    cpu: [arm64]
    os: [win32]

  '@biomejs/cli-win32-x64@1.9.3':
    resolution: {integrity: sha512-cQMy2zanBkVLpmmxXdK6YePzmZx0s5Z7KEnwmrW54rcXK3myCNbQa09SwGZ8i/8sLw0H9F3X7K4rxVNGU8/D4Q==}
    engines: {node: '>=14.21.3'}
    cpu: [x64]
    os: [win32]

  '@module-federation/runtime-tools@0.5.1':
    resolution: {integrity: sha512-nfBedkoZ3/SWyO0hnmaxuz0R0iGPSikHZOAZ0N/dVSQaIzlffUo35B5nlC2wgWIc0JdMZfkwkjZRrnuuDIJbzg==}

  '@module-federation/runtime@0.5.1':
    resolution: {integrity: sha512-xgiMUWwGLWDrvZc9JibuEbXIbhXg6z2oUkemogSvQ4LKvrl/n0kbqP1Blk669mXzyWbqtSp6PpvNdwaE1aN5xQ==}

  '@module-federation/sdk@0.5.1':
    resolution: {integrity: sha512-exvchtjNURJJkpqjQ3/opdbfeT2wPKvrbnGnyRkrwW5o3FH1LaST1tkiNviT6OXTexGaVc2DahbdniQHVtQ7pA==}

  '@module-federation/webpack-bundler-runtime@0.5.1':
    resolution: {integrity: sha512-mMhRFH0k2VjwHt3Jol9JkUsmI/4XlrAoBG3E0o7HoyoPYv1UFOWyqAflfANcUPgbYpvqmyLzDcO+3IT36LXnrA==}

  '@rsbuild/core@1.0.9':
    resolution: {integrity: sha512-gxD139pqPfsYe/U1i9UdXBaimsMJz8x9Vvg1ybSvJBDdfOqsq4aAGaxqlcHIOhgrorDei7TgmPvjP5ShrJDLEw==}
    engines: {node: '>=16.7.0'}
    hasBin: true

  '@rspack/binding-darwin-arm64@1.0.8':
    resolution: {integrity: sha512-1l8/eg3HNz53DHQO3fy5O5QKdYh8hSMZaWGtm3NR5IfdrTm2TaLL9tuR8oL2iHHtd87LEvVKHXdjlcuLV5IPNQ==}
    cpu: [arm64]
    os: [darwin]

  '@rspack/binding-darwin-x64@1.0.8':
    resolution: {integrity: sha512-7BbG8gXVWjtqJegDpsObzM/B90Eig1piEtcahvPdvlC92uZz3/IwtKPpMaywGBrf5RSI3U0nQMSekwz0cO1SOw==}
    cpu: [x64]
    os: [darwin]

  '@rspack/binding-linux-arm64-gnu@1.0.8':
    resolution: {integrity: sha512-QnqCL0wmwYqT/IFx5q0aw7DsIOr8oYUa4+7JI8iiqRf3RuuRJExesVW9VuWr0jS2UvChKgmb8PvRtDy/0tshFw==}
    cpu: [arm64]
    os: [linux]

  '@rspack/binding-linux-arm64-musl@1.0.8':
    resolution: {integrity: sha512-Ns9TsE7zdUjimW5HURRW08BaMyAh16MDh97PPsGEMeRPx9plnRO9aXvuUG6t+0gy4KwlQdeq3BvUsbBpIo5Tow==}
    cpu: [arm64]
    os: [linux]

  '@rspack/binding-linux-x64-gnu@1.0.8':
    resolution: {integrity: sha512-lfqUuKCoyRN/gGeokhX/oNYqB6OpbtgQb57b0QuD8IaiH2a1ee0TtEVvRbyQNEDwht6lW4RTNg0RfMYu52LgXg==}
    cpu: [x64]
    os: [linux]

  '@rspack/binding-linux-x64-musl@1.0.8':
    resolution: {integrity: sha512-MgbHJWV5utVa1/U9skrXClydZ/eZw001++v4B6nb8myU6Ck1D02aMl9ESefb/sSA8TatLLxEXQ2VENG9stnPwQ==}
    cpu: [x64]
    os: [linux]

  '@rspack/binding-win32-arm64-msvc@1.0.8':
    resolution: {integrity: sha512-3NN5VisnSOzhgqX77O/7NvcjPUueg1oIdMKoc5vElJCEu5FEXPqDhwZmr1PpBovaXshAcgExF3j54+20pwdg5g==}
    cpu: [arm64]
    os: [win32]

  '@rspack/binding-win32-ia32-msvc@1.0.8':
    resolution: {integrity: sha512-17VQNC7PSygzsipSVoukDM/SOcVueVNsk9bZiB0Swl20BaqrlBts2Dvlmo+L+ZGsxOYI97WvA/zomMDv860usg==}
    cpu: [ia32]
    os: [win32]

  '@rspack/binding-win32-x64-msvc@1.0.8':
    resolution: {integrity: sha512-Vtjt74Soh09XUsV5Nw0YjZVSk/qtsjtPnzbSZluncSAVUs8l+X1ALcM6n1Jrt3TLTfcqf7a+VIsWOXAMqkCGUg==}
    cpu: [x64]
    os: [win32]

  '@rspack/binding@1.0.8':
    resolution: {integrity: sha512-abRirbrjobcllLAamyeiWxT6Rb0wELUnITynQdqRbSweWm2lvnhm9YBv4BcOjvJBzhJtvRJo5JBtbKXjDTarug==}

  '@rspack/core@1.0.8':
    resolution: {integrity: sha512-pbXwXYb4WQwb0l35P5v3l/NpDJXy1WiVE4IcQ/6LxZYU5NyZuqtsK0trR88xIVRZb9qU0JUeCdQq7Xa6Q+c3Xw==}
    engines: {node: '>=16.0.0'}
    peerDependencies:
      '@swc/helpers': '>=0.5.1'
    peerDependenciesMeta:
      '@swc/helpers':
        optional: true

  '@rspack/lite-tapable@1.0.1':
    resolution: {integrity: sha512-VynGOEsVw2s8TAlLf/uESfrgfrq2+rcXB1muPJYBWbsm1Oa6r5qVQhjA5ggM6z/coYPrsVMgovl3Ff7Q7OCp1w==}
    engines: {node: '>=16.0.0'}

  '@swc/helpers@0.5.13':
    resolution: {integrity: sha512-UoKGxQ3r5kYI9dALKJapMmuK+1zWM/H17Z1+iwnNmzcJRnfFuevZs375TA5rW31pu4BS4NoSy1fRsexDXfWn5w==}

  caniuse-lite@1.0.30001666:
    resolution: {integrity: sha512-gD14ICmoV5ZZM1OdzPWmpx+q4GyefaK06zi8hmfHV5xe4/2nOQX3+Dw5o+fSqOws2xVwL9j+anOPFwHzdEdV4g==}

  core-js@3.38.1:
    resolution: {integrity: sha512-OP35aUorbU3Zvlx7pjsFdu1rGNnD4pgw/CWoYzRY3t2EzoVT7shKHY1dlAy3f41cGIO7ZDPQimhGFTlEYkG/Hw==}

  eventemitter3@5.0.1:
    resolution: {integrity: sha512-GWkBvjiSZK87ELrYOSESUYeVIc9mvLLf/nXalMOS5dYrgZq9o5OVkbZAVM06CVxYsCwH9BDZFPlQTlPA1j4ahA==}

  fsevents@2.3.3:
    resolution: {integrity: sha512-5xoDfX+fL7faATnagmWPpbFtwh/R77WmMMqqHGS65C3vvB0YHrgF+B1YmZ3441tMj5n63k0212XNoJwzlhffQw==}
    engines: {node: ^8.16.0 || ^10.6.0 || >=11.0.0}
    os: [darwin]

  phaser@3.85.2:
    resolution: {integrity: sha512-bD/58E1gvCsEH0Lftb2BiJ8FQ86kb8HHOS656lLXPwg8ZXkskZGsfdyQO21Y57+neGOUEaUthSFfDyVULy5B1g==}

  tslib@2.7.0:
    resolution: {integrity: sha512-gLXCKdN1/j47AiHiOkJN69hJmcbGTHI0ImLmbYLHykhgeN0jVGola9yVjFgzCUklsZQMW55o+dW7IXv3RCXDzA==}

  typescript@5.6.2:
    resolution: {integrity: sha512-NW8ByodCSNCwZeghjN3o+JX5OFH0Ojg6sadjEKY4huZ52TqbJTJnDo5+Tw98lSy63NZvi4n+ez5m2u5d4PkZyw==}
    engines: {node: '>=14.17'}
    hasBin: true

snapshots:

  '@biomejs/biome@1.9.3':
    optionalDependencies:
      '@biomejs/cli-darwin-arm64': 1.9.3
      '@biomejs/cli-darwin-x64': 1.9.3
      '@biomejs/cli-linux-arm64': 1.9.3
      '@biomejs/cli-linux-arm64-musl': 1.9.3
      '@biomejs/cli-linux-x64': 1.9.3
      '@biomejs/cli-linux-x64-musl': 1.9.3
      '@biomejs/cli-win32-arm64': 1.9.3
      '@biomejs/cli-win32-x64': 1.9.3

  '@biomejs/cli-darwin-arm64@1.9.3':
    optional: true

  '@biomejs/cli-darwin-x64@1.9.3':
    optional: true

  '@biomejs/cli-linux-arm64-musl@1.9.3':
    optional: true

  '@biomejs/cli-linux-arm64@1.9.3':
    optional: true

  '@biomejs/cli-linux-x64-musl@1.9.3':
    optional: true

  '@biomejs/cli-linux-x64@1.9.3':
    optional: true

  '@biomejs/cli-win32-arm64@1.9.3':
    optional: true

  '@biomejs/cli-win32-x64@1.9.3':
    optional: true

  '@module-federation/runtime-tools@0.5.1':
    dependencies:
      '@module-federation/runtime': 0.5.1
      '@module-federation/webpack-bundler-runtime': 0.5.1

  '@module-federation/runtime@0.5.1':
    dependencies:
      '@module-federation/sdk': 0.5.1

  '@module-federation/sdk@0.5.1': {}

  '@module-federation/webpack-bundler-runtime@0.5.1':
    dependencies:
      '@module-federation/runtime': 0.5.1
      '@module-federation/sdk': 0.5.1

  '@rsbuild/core@1.0.9':
    dependencies:
      '@rspack/core': 1.0.8(@swc/helpers@0.5.13)
      '@rspack/lite-tapable': 1.0.1
      '@swc/helpers': 0.5.13
      core-js: 3.38.1
    optionalDependencies:
      fsevents: 2.3.3

  '@rspack/binding-darwin-arm64@1.0.8':
    optional: true

  '@rspack/binding-darwin-x64@1.0.8':
    optional: true

  '@rspack/binding-linux-arm64-gnu@1.0.8':
    optional: true

  '@rspack/binding-linux-arm64-musl@1.0.8':
    optional: true

  '@rspack/binding-linux-x64-gnu@1.0.8':
    optional: true

  '@rspack/binding-linux-x64-musl@1.0.8':
    optional: true

  '@rspack/binding-win32-arm64-msvc@1.0.8':
    optional: true

  '@rspack/binding-win32-ia32-msvc@1.0.8':
    optional: true

  '@rspack/binding-win32-x64-msvc@1.0.8':
    optional: true

  '@rspack/binding@1.0.8':
    optionalDependencies:
      '@rspack/binding-darwin-arm64': 1.0.8
      '@rspack/binding-darwin-x64': 1.0.8
      '@rspack/binding-linux-arm64-gnu': 1.0.8
      '@rspack/binding-linux-arm64-musl': 1.0.8
      '@rspack/binding-linux-x64-gnu': 1.0.8
      '@rspack/binding-linux-x64-musl': 1.0.8
      '@rspack/binding-win32-arm64-msvc': 1.0.8
      '@rspack/binding-win32-ia32-msvc': 1.0.8
      '@rspack/binding-win32-x64-msvc': 1.0.8

  '@rspack/core@1.0.8(@swc/helpers@0.5.13)':
    dependencies:
      '@module-federation/runtime-tools': 0.5.1
      '@rspack/binding': 1.0.8
      '@rspack/lite-tapable': 1.0.1
      caniuse-lite: 1.0.30001666
    optionalDependencies:
      '@swc/helpers': 0.5.13

  '@rspack/lite-tapable@1.0.1': {}

  '@swc/helpers@0.5.13':
    dependencies:
      tslib: 2.7.0

  caniuse-lite@1.0.30001666: {}

  core-js@3.38.1: {}

  eventemitter3@5.0.1: {}

  fsevents@2.3.3:
    optional: true

  phaser@3.85.2:
    dependencies:
      eventemitter3: 5.0.1

  tslib@2.7.0: {}

  typescript@5.6.2: {}
